
Microsoft Visual Studio Solution File, Format Version 12.00
# Visual Studio Version 17
VisualStudioVersion = 17.6.33829.357
MinimumVisualStudioVersion = 10.0.40219.1
Project("{9A19103F-16F7-4668-BE54-9A1E7A4F7556}") = "acme-backend", "acme-backend\acme-backend.csproj", "{3F9009AA-E644-48F9-828F-A20D998F4B72}"
EndProject
Project("{9A19103F-16F7-4668-BE54-9A1E7A4F7556}") = "DataAccessLayer", "DataAccessLayer\DataAccessLayer.csproj", "{6F09B169-2B2F-401B-BA47-5649D5B1D842}"
EndProject
Project("{9A19103F-16F7-4668-BE54-9A1E7A4F7556}") = "BusinessLayer", "BusinessLayer\BusinessLayer.csproj", "{7381E920-AB47-42A6-84D0-E18004A1678D}"
EndProject
Project("{9A19103F-16F7-4668-BE54-9A1E7A4F7556}") = "PAYMENTS", "PAYMENTS\PAYMENTS.csproj", "{78C461BA-776D-4A1C-B14E-DD55152494C0}"
EndProject
Project("{9A19103F-16F7-4668-BE54-9A1E7A4F7556}") = "SHIPPING", "SHIPPING\SHIPPING.csproj", "{047ADC12-FE7C-4653-93D4-E64B672B036C}"
EndProject
Project("{9A19103F-16F7-4668-BE54-9A1E7A4F7556}") = "FACTURACION", "FACTURACION\FACTURACION.csproj", "{1655F966-1AB9-45B6-B091-DEE8021F8185}"
EndProject
Project("{9A19103F-16F7-4668-BE54-9A1E7A4F7556}") = "ScheduleTask", "ScheduleTask\ScheduleTask.csproj", "{3DB92E4B-AB94-4A71-852F-863B3C8F411C}"
EndProject
Project("{E53339B2-1760-4266-BCC7-CA923CBCF16C}") = "docker-compose", "docker-compose.dcproj", "{632261B4-F5C0-41DE-B31C-C06F9F5CF64B}"
EndProject
Global
	GlobalSection(SolutionConfigurationPlatforms) = preSolution
		Debug|Any CPU = Debug|Any CPU
		Release|Any CPU = Release|Any CPU
	EndGlobalSection
	GlobalSection(ProjectConfigurationPlatforms) = postSolution
		{3F9009AA-E644-48F9-828F-A20D998F4B72}.Debug|Any CPU.ActiveCfg = Debug|Any CPU
		{3F9009AA-E644-48F9-828F-A20D998F4B72}.Debug|Any CPU.Build.0 = Debug|Any CPU
		{3F9009AA-E644-48F9-828F-A20D998F4B72}.Release|Any CPU.ActiveCfg = Release|Any CPU
		{3F9009AA-E644-48F9-828F-A20D998F4B72}.Release|Any CPU.Build.0 = Release|Any CPU
		{6F09B169-2B2F-401B-BA47-5649D5B1D842}.Debug|Any CPU.ActiveCfg = Debug|Any CPU
		{6F09B169-2B2F-401B-BA47-5649D5B1D842}.Debug|Any CPU.Build.0 = Debug|Any CPU
		{6F09B169-2B2F-401B-BA47-5649D5B1D842}.Release|Any CPU.ActiveCfg = Release|Any CPU
		{6F09B169-2B2F-401B-BA47-5649D5B1D842}.Release|Any CPU.Build.0 = Release|Any CPU
		{7381E920-AB47-42A6-84D0-E18004A1678D}.Debug|Any CPU.ActiveCfg = Debug|Any CPU
		{7381E920-AB47-42A6-84D0-E18004A1678D}.Debug|Any CPU.Build.0 = Debug|Any CPU
		{7381E920-AB47-42A6-84D0-E18004A1678D}.Release|Any CPU.ActiveCfg = Release|Any CPU
		{7381E920-AB47-42A6-84D0-E18004A1678D}.Release|Any CPU.Build.0 = Release|Any CPU
		{78C461BA-776D-4A1C-B14E-DD55152494C0}.Debug|Any CPU.ActiveCfg = Debug|Any CPU
		{78C461BA-776D-4A1C-B14E-DD55152494C0}.Debug|Any CPU.Build.0 = Debug|Any CPU
		{78C461BA-776D-4A1C-B14E-DD55152494C0}.Release|Any CPU.ActiveCfg = Release|Any CPU
		{78C461BA-776D-4A1C-B14E-DD55152494C0}.Release|Any CPU.Build.0 = Release|Any CPU
		{047ADC12-FE7C-4653-93D4-E64B672B036C}.Debug|Any CPU.ActiveCfg = Debug|Any CPU
		{047ADC12-FE7C-4653-93D4-E64B672B036C}.Debug|Any CPU.Build.0 = Debug|Any CPU
		{047ADC12-FE7C-4653-93D4-E64B672B036C}.Release|Any CPU.ActiveCfg = Release|Any CPU
		{047ADC12-FE7C-4653-93D4-E64B672B036C}.Release|Any CPU.Build.0 = Release|Any CPU
		{1655F966-1AB9-45B6-B091-DEE8021F8185}.Debug|Any CPU.ActiveCfg = Debug|Any CPU
		{1655F966-1AB9-45B6-B091-DEE8021F8185}.Debug|Any CPU.Build.0 = Debug|Any CPU
		{1655F966-1AB9-45B6-B091-DEE8021F8185}.Release|Any CPU.ActiveCfg = Release|Any CPU
		{1655F966-1AB9-45B6-B091-DEE8021F8185}.Release|Any CPU.Build.0 = Release|Any CPU
		{3DB92E4B-AB94-4A71-852F-863B3C8F411C}.Debug|Any CPU.ActiveCfg = Debug|Any CPU
		{3DB92E4B-AB94-4A71-852F-863B3C8F411C}.Debug|Any CPU.Build.0 = Debug|Any CPU
		{3DB92E4B-AB94-4A71-852F-863B3C8F411C}.Release|Any CPU.ActiveCfg = Release|Any CPU
		{3DB92E4B-AB94-4A71-852F-863B3C8F411C}.Release|Any CPU.Build.0 = Release|Any CPU
		{632261B4-F5C0-41DE-B31C-C06F9F5CF64B}.Debug|Any CPU.ActiveCfg = Debug|Any CPU
		{632261B4-F5C0-41DE-B31C-C06F9F5CF64B}.Debug|Any CPU.Build.0 = Debug|Any CPU
		{632261B4-F5C0-41DE-B31C-C06F9F5CF64B}.Release|Any CPU.ActiveCfg = Release|Any CPU
		{632261B4-F5C0-41DE-B31C-C06F9F5CF64B}.Release|Any CPU.Build.0 = Release|Any CPU
	EndGlobalSection
	GlobalSection(SolutionProperties) = preSolution
		HideSolutionNode = FALSE
	EndGlobalSection
	GlobalSection(ExtensibilityGlobals) = postSolution
		SolutionGuid = {52FBD003-9EE0-4E12-9E2B-74094EB84C0B}
	EndGlobalSection
EndGlobal
